{
  "name": "book-tracker",
  "version": "1.0.0",
  "lockfileVersion": 3,
  "requires": true,
  "packages": {
    "": {
      "name": "book-tracker",
      "version": "1.0.0",
      "license": "ISC",
      "devDependencies": {
        "@fontsource/dm-sans": "^5.2.8",
        "@fontsource/fraunces": "^5.2.9"
      }
    },
    "node_modules/@fontsource/dm-sans": {
      "version": "5.2.8",
      "resolved": "https://registry.npmjs.org/@fontsource/dm-sans/-/dm-sans-5.2.8.tgz",
      "integrity": "sha512-tlovG42m9ESG28WiHpLq3F5umAlm64rv0RkqTbYowRn70e9OlRr5a3yTJhrhrY+k5lftR/OFJjPzOLQzk8EfCA==",
      "dev": true,
      "license": "OFL-1.1",
      "funding": {
        "url": "https://github.com/sponsors/ayuhito"
      }
    },
    "node_modules/@fontsource/fraunces": {
      "version": "5.2.9",
      "resolved": "https://registry.npmjs.org/@fontsource/fraunces/-/fraunces-5.2.9.tgz",
      "integrity": "sha512-XDzuddBtoC7BZgZdBn6b7hsFZY2+V1hgN7yca5fBTKuHjb/lOd45a0Ji8dTUgFhPoL7RdGupo+bC2BFSt6UH8Q==",
      "dev": true,
      "license": "OFL-1.1",
      "funding": {
        "url": "https://github.com/sponsors/ayuhito"
      }
    }
  }
}
